
Microsoft Visual Studio Solution File, Format Version 12.00
# Visual Studio Version 17
VisualStudioVersion = 17.0.31903.59
MinimumVisualStudioVersion = 10.0.40219.1
Project("{9A19103F-16F7-4668-BE54-9A1E7A4F7556}") = "Mobile", "Mobile\Mobile.csproj", "{0922A354-6129-4409-8E4C-BBFE7AEFF2A8}"
EndProject
Project("{9A19103F-16F7-4668-BE54-9A1E7A4F7556}") = "Helpers", "Helpers\Helpers.csproj", "{FA463203-B046-4BD5-ABD4-FECDDA94003E}"
EndProject
Project("{FAE04EC0-301F-11D3-BF4B-00C04F79EFBC}") = "Models", "Models\Models.csproj", "{07B4AD2F-40CC-4BE1-885C-6383427E07E8}"
EndProject
Global
	GlobalSection(SolutionConfigurationPlatforms) = preSolution
		Debug|Any CPU = Debug|Any CPU
		Release|Any CPU = Release|Any CPU
	EndGlobalSection
	GlobalSection(ProjectConfigurationPlatforms) = postSolution
		{0922A354-6129-4409-8E4C-BBFE7AEFF2A8}.Debug|Any CPU.ActiveCfg = Debug|Any CPU
		{0922A354-6129-4409-8E4C-BBFE7AEFF2A8}.Debug|Any CPU.Build.0 = Debug|Any CPU
		{0922A354-6129-4409-8E4C-BBFE7AEFF2A8}.Debug|Any CPU.Deploy.0 = Debug|Any CPU
		{0922A354-6129-4409-8E4C-BBFE7AEFF2A8}.Release|Any CPU.ActiveCfg = Release|Any CPU
		{0922A354-6129-4409-8E4C-BBFE7AEFF2A8}.Release|Any CPU.Build.0 = Release|Any CPU
		{0922A354-6129-4409-8E4C-BBFE7AEFF2A8}.Release|Any CPU.Deploy.0 = Release|Any CPU
		{FA463203-B046-4BD5-ABD4-FECDDA94003E}.Debug|Any CPU.ActiveCfg = Debug|Any CPU
		{FA463203-B046-4BD5-ABD4-FECDDA94003E}.Debug|Any CPU.Build.0 = Debug|Any CPU
		{FA463203-B046-4BD5-ABD4-FECDDA94003E}.Release|Any CPU.ActiveCfg = Release|Any CPU
		{FA463203-B046-4BD5-ABD4-FECDDA94003E}.Release|Any CPU.Build.0 = Release|Any CPU
		{07B4AD2F-40CC-4BE1-885C-6383427E07E8}.Debug|Any CPU.ActiveCfg = Debug|Any CPU
		{07B4AD2F-40CC-4BE1-885C-6383427E07E8}.Debug|Any CPU.Build.0 = Debug|Any CPU
		{07B4AD2F-40CC-4BE1-885C-6383427E07E8}.Release|Any CPU.ActiveCfg = Release|Any CPU
		{07B4AD2F-40CC-4BE1-885C-6383427E07E8}.Release|Any CPU.Build.0 = Release|Any CPU
	EndGlobalSection
	GlobalSection(SolutionProperties) = preSolution
		HideSolutionNode = FALSE
	EndGlobalSection
	GlobalSection(ExtensibilityGlobals) = postSolution
		SolutionGuid = {43A8AF46-3584-4833-95ED-D47DEE0689B9}
	EndGlobalSection
EndGlobal
